<?xml version="1.0" encoding="utf-8"?>
<Project ToolsVersion="4.0" xmlns="http://schemas.microsoft.com/developer/msbuild/2003">
  <ItemGroup>
    <Filter Include="ソース ファイル">
      <UniqueIdentifier>{4FC737F1-C7A5-4376-A066-2A32D752A2FF}</UniqueIdentifier>
      <Extensions>cpp;c;cc;cxx;c++;cppm;ixx;def;odl;idl;hpj;bat;asm;asmx</Extensions>
    </Filter>
    <Filter Include="ヘッダー ファイル">
      <UniqueIdentifier>{93995380-89BD-4b04-88EB-625FBE52EBFB}</UniqueIdentifier>
      <Extensions>h;hh;hpp;hxx;h++;hm;inl;inc;ipp;xsd</Extensions>
    </Filter>
    <Filter Include="リソース ファイル">
      <UniqueIdentifier>{67DA6AB6-F800-4c08-8B7A-83BB121AAD01}</UniqueIdentifier>
      <Extensions>rc;ico;cur;bmp;dlg;rc2;rct;bin;rgs;gif;jpg;jpeg;jpe;resx;tiff;tif;png;wav;mfcribbon-ms</Extensions>
    </Filter>
    <Filter Include="ソース ファイル\Scene">
      <UniqueIdentifier>{25979670-2067-413f-b856-5ba95f0aea1f}</UniqueIdentifier>
    </Filter>
    <Filter Include="ヘッダー ファイル\Scene">
      <UniqueIdentifier>{b33f781a-8e18-44f9-b4b0-f5a24cf9cd89}</UniqueIdentifier>
    </Filter>
    <Filter Include="ヘッダー ファイル\Entity">
      <UniqueIdentifier>{2c397f75-69cb-4c6c-9a54-042dfcd5a253}</UniqueIdentifier>
    </Filter>
    <Filter Include="ソース ファイル\main">
      <UniqueIdentifier>{484a9d20-7065-449d-a508-c74f52d935d9}</UniqueIdentifier>
    </Filter>
    <Filter Include="ソース ファイル\Entity">
      <UniqueIdentifier>{bc790f41-f7f5-441b-914f-4b5aeb4b6631}</UniqueIdentifier>
    </Filter>
    <Filter Include="ヘッダー ファイル\design">
      <UniqueIdentifier>{aad578a1-5bfa-4344-aba1-693b85710bce}</UniqueIdentifier>
    </Filter>
    <Filter Include="ソース ファイル\design">
      <UniqueIdentifier>{76d7c427-106e-401e-ba3a-0fbc9bbef0e7}</UniqueIdentifier>
    </Filter>
  </ItemGroup>
  <ItemGroup>
    <ClCompile Include="src\TitleScene.cpp">
      <Filter>ソース ファイル\Scene</Filter>
    </ClCompile>
    <ClCompile Include="src\SceneManager.cpp">
      <Filter>ソース ファイル\Scene</Filter>
    </ClCompile>
    <ClCompile Include="src\GameScene.cpp">
      <Filter>ソース ファイル\Scene</Filter>
    </ClCompile>
    <ClCompile Include="src\gamedesign.cpp">
      <Filter>ソース ファイル\main</Filter>
    </ClCompile>
    <ClCompile Include="src\Player.cpp">
      <Filter>ソース ファイル\Entity</Filter>
    </ClCompile>
    <ClCompile Include="src\Enemy.cpp">
      <Filter>ソース ファイル\Entity</Filter>
    </ClCompile>
    <ClCompile Include="src\EnemyFactor.cpp">
      <Filter>ソース ファイル\design</Filter>
    </ClCompile>
  </ItemGroup>
  <ItemGroup>
    <ClInclude Include="src\TitleScene.h">
      <Filter>ヘッダー ファイル\Scene</Filter>
    </ClInclude>
    <ClInclude Include="src\SceneManager.h">
      <Filter>ヘッダー ファイル\Scene</Filter>
    </ClInclude>
    <ClInclude Include="src\GameScene.h">
      <Filter>ヘッダー ファイル\Scene</Filter>
    </ClInclude>
    <ClInclude Include="src\Player.h">
      <Filter>ヘッダー ファイル\Entity</Filter>
    </ClInclude>
    <ClInclude Include="src\Enemy.h">
      <Filter>ヘッダー ファイル\Entity</Filter>
    </ClInclude>
    <ClInclude Include="src\EnemyData.h">
      <Filter>ヘッダー ファイル\design</Filter>
    </ClInclude>
    <ClInclude Include="src\EnemyFactor.h">
      <Filter>ヘッダー ファイル\design</Filter>
    </ClInclude>
    <ClInclude Include="src\ObjectPool.h">
      <Filter>ヘッダー ファイル\design</Filter>
    </ClInclude>
  </ItemGroup>
</Project>